Microsoft Visual Studio Solution File, Format Version 12.00
# Visual Studio Version 17
VisualStudioVersion = 17.0.31611.283
MinimumVisualStudioVersion = 10.0.40219.1
Project("{9A19103F-16F7-4668-BE54-9A1E7A4F7556}") = "Rectangles", "Rectangles\Rectangles.csproj", "{B87CB06C-00A4-4466-85E7-0A0B3042E762}"
EndProject
Project("{FAE04EC0-301F-11D3-BF4B-00C04F79EFBC}") = "Models", "Models\Models.csproj", "{5980A04F-2AB5-4E6C-9350-05193E9426D9}"
EndProject
Project("{FAE04EC0-301F-11D3-BF4B-00C04F79EFBC}") = "ModelsTests", "ModelsTests\ModelsTests.csproj", "{8908F8AA-DDBD-4676-AFFD-4B84DCEEFD1C}"
EndProject
Global
	GlobalSection(SolutionConfigurationPlatforms) = preSolution
		Debug|Any CPU = Debug|Any CPU
		Release|Any CPU = Release|Any CPU
	EndGlobalSection
	GlobalSection(ProjectConfigurationPlatforms) = postSolution
		{B87CB06C-00A4-4466-85E7-0A0B3042E762}.Debug|Any CPU.ActiveCfg = Debug|Any CPU
		{B87CB06C-00A4-4466-85E7-0A0B3042E762}.Debug|Any CPU.Build.0 = Debug|Any CPU
		{B87CB06C-00A4-4466-85E7-0A0B3042E762}.Debug|Any CPU.Deploy.0 = Debug|Any CPU
		{B87CB06C-00A4-4466-85E7-0A0B3042E762}.Release|Any CPU.ActiveCfg = Release|Any CPU
		{B87CB06C-00A4-4466-85E7-0A0B3042E762}.Release|Any CPU.Build.0 = Release|Any CPU
		{B87CB06C-00A4-4466-85E7-0A0B3042E762}.Release|Any CPU.Deploy.0 = Release|Any CPU
		{5980A04F-2AB5-4E6C-9350-05193E9426D9}.Debug|Any CPU.ActiveCfg = Debug|Any CPU
		{5980A04F-2AB5-4E6C-9350-05193E9426D9}.Debug|Any CPU.Build.0 = Debug|Any CPU
		{5980A04F-2AB5-4E6C-9350-05193E9426D9}.Release|Any CPU.ActiveCfg = Release|Any CPU
		{5980A04F-2AB5-4E6C-9350-05193E9426D9}.Release|Any CPU.Build.0 = Release|Any CPU
		{8908F8AA-DDBD-4676-AFFD-4B84DCEEFD1C}.Debug|Any CPU.ActiveCfg = Debug|Any CPU
		{8908F8AA-DDBD-4676-AFFD-4B84DCEEFD1C}.Debug|Any CPU.Build.0 = Debug|Any CPU
		{8908F8AA-DDBD-4676-AFFD-4B84DCEEFD1C}.Release|Any CPU.ActiveCfg = Release|Any CPU
		{8908F8AA-DDBD-4676-AFFD-4B84DCEEFD1C}.Release|Any CPU.Build.0 = Release|Any CPU
	EndGlobalSection
	GlobalSection(SolutionProperties) = preSolution
		HideSolutionNode = FALSE
	EndGlobalSection
	GlobalSection(ExtensibilityGlobals) = postSolution
		SolutionGuid = {61F7FB11-1E47-470C-91E2-47F8143E1572}
	EndGlobalSection
EndGlobal
